<?xml version="1.0" encoding="utf-8"?>
<Project ToolsVersion="4.0" xmlns="http://schemas.microsoft.com/developer/msbuild/2003">
  <ItemGroup>
    <Filter Include="Source Files">
      <UniqueIdentifier>{4FC737F1-C7A5-4376-A066-2A32D752A2FF}</UniqueIdentifier>
      <Extensions>cpp;c;cc;cxx;def;odl;idl;hpj;bat;asm;asmx</Extensions>
    </Filter>
    <Filter Include="Header Files">
      <UniqueIdentifier>{93995380-89BD-4b04-88EB-625FBE52EBFB}</UniqueIdentifier>
      <Extensions>h;hpp;hxx;hm;inl;inc;xsd</Extensions>
    </Filter>
    <Filter Include="Resource Files">
      <UniqueIdentifier>{67DA6AB6-F800-4c08-8B7A-83BB121AAD01}</UniqueIdentifier>
      <Extensions>rc;ico;cur;bmp;dlg;rc2;rct;bin;rgs;gif;jpg;jpeg;jpe;resx;tiff;tif;png;wav;mfcribbon-ms</Extensions>
    </Filter>
  </ItemGroup>
  <ItemGroup>
    <ClCompile Include="Main.cpp">
      <Filter>Source Files</Filter>
    </ClCompile>
    <ClCompile Include="iniFile.cpp">
      <Filter>Source Files</Filter>
    </ClCompile>
    <ClCompile Include="person.cpp">
      <Filter>Source Files</Filter>
    </ClCompile>
    <ClCompile Include="probdata.cpp">
      <Filter>Source Files</Filter>
    </ClCompile>
    <ClCompile Include="simulation.cpp">
      <Filter>Source Files</Filter>
    </ClCompile>
    <ClCompile Include="mortality.cpp">
      <Filter>Source Files</Filter>
    </ClCompile>
    <ClCompile Include="randombin.cpp">
      <Filter>Source Files</Filter>
    </ClCompile>
    <ClCompile Include="population.cpp">
      <Filter>Source Files</Filter>
    </ClCompile>
    <ClCompile Include="baseline.cpp">
      <Filter>Source Files</Filter>
    </ClCompile>
    <ClCompile Include="hcvstatus.cpp">
      <Filter>Source Files</Filter>
    </ClCompile>
    <ClCompile Include="hcvprogression.cpp">
      <Filter>Source Files</Filter>
    </ClCompile>
    <ClCompile Include="hcvcea.cpp">
      <Filter>Source Files</Filter>
    </ClCompile>
    <ClCompile Include="hcvtreatment.cpp">
      <Filter>Source Files</Filter>
    </ClCompile>
    <ClCompile Include="hcvtreatment_notx.cpp">
      <Filter>Source Files</Filter>
    </ClCompile>
    <ClCompile Include="hcvtreatment_twodrug.cpp">
      <Filter>Source Files</Filter>
    </ClCompile>
  </ItemGroup>
  <ItemGroup>
    <ClInclude Include="iniFile.h">
      <Filter>Header Files</Filter>
    </ClInclude>
    <ClInclude Include="person.h">
      <Filter>Header Files</Filter>
    </ClInclude>
    <ClInclude Include="probdata.h">
      <Filter>Header Files</Filter>
    </ClInclude>
    <ClInclude Include="simulation.h">
      <Filter>Header Files</Filter>
    </ClInclude>
    <ClInclude Include="mortality.h">
      <Filter>Header Files</Filter>
    </ClInclude>
    <ClInclude Include="randombin.h">
      <Filter>Header Files</Filter>
    </ClInclude>
    <ClInclude Include="twist.h">
      <Filter>Header Files</Filter>
    </ClInclude>
    <ClInclude Include="population.h">
      <Filter>Header Files</Filter>
    </ClInclude>
    <ClInclude Include="baseline.h">
      <Filter>Header Files</Filter>
    </ClInclude>
    <ClInclude Include="hcvstatus.h">
      <Filter>Header Files</Filter>
    </ClInclude>
    <ClInclude Include="hcvprogression.h">
      <Filter>Header Files</Filter>
    </ClInclude>
    <ClInclude Include="hcvcea.h">
      <Filter>Header Files</Filter>
    </ClInclude>
    <ClInclude Include="hcvtreatment.h">
      <Filter>Header Files</Filter>
    </ClInclude>
    <ClInclude Include="hcvtreatment_notx.h">
      <Filter>Header Files</Filter>
    </ClInclude>
    <ClInclude Include="hcvtreatment_twodrug.h">
      <Filter>Header Files</Filter>
    </ClInclude>
  </ItemGroup>
</Project>